
Microsoft Visual Studio Solution File, Format Version 12.00
# Visual Studio Version 17
VisualStudioVersion = 17.1.32328.378
MinimumVisualStudioVersion = 10.0.40219.1
Project("{FAE04EC0-301F-11D3-BF4B-00C04F79EFBC}") = "DBfirst", "DBfirst.csproj", "{384CEC93-ADF5-4324-BAF0-DA8F2F98FF31}"
EndProject
Global
	GlobalSection(SolutionConfigurationPlatforms) = preSolution
		Debug|Any CPU = Debug|Any CPU
		Release|Any CPU = Release|Any CPU
	EndGlobalSection
	GlobalSection(ProjectConfigurationPlatforms) = postSolution
		{384CEC93-ADF5-4324-BAF0-DA8F2F98FF31}.Debug|Any CPU.ActiveCfg = Debug|Any CPU
		{384CEC93-ADF5-4324-BAF0-DA8F2F98FF31}.Debug|Any CPU.Build.0 = Debug|Any CPU
		{384CEC93-ADF5-4324-BAF0-DA8F2F98FF31}.Release|Any CPU.ActiveCfg = Release|Any CPU
		{384CEC93-ADF5-4324-BAF0-DA8F2F98FF31}.Release|Any CPU.Build.0 = Release|Any CPU
	EndGlobalSection
	GlobalSection(SolutionProperties) = preSolution
		HideSolutionNode = FALSE
	EndGlobalSection
	GlobalSection(ExtensibilityGlobals) = postSolution
		SolutionGuid = {77A7ED56-347E-45CC-9CD4-8A7E8E44DEC6}
	EndGlobalSection
EndGlobal
